// !$*UTF8*$!
{
	archiveVersion = 1;
	classes = {
	};
	objectVersion = 46;
	objects = {

/* Begin PBXBuildFile section */
		AC7AE7F41CD60F9E007DD40B /* DetailViewController.swift in Sources */ = {isa = PBXBuildFile; fileRef = AC7AE7F31CD60F9E007DD40B /* DetailViewController.swift */; };
		AC7AE80D1CD64E1A007DD40B /* SQLite.framework in Frameworks */ = {isa = PBXBuildFile; fileRef = AC7AE8001CD64CA1007DD40B /* SQLite.framework */; };
		ACC452FD1CCE16E700AA4C64 /* AppDelegate.swift in Sources */ = {isa = PBXBuildFile; fileRef = ACC452FC1CCE16E700AA4C64 /* AppDelegate.swift */; };
		ACC452FF1CCE16E700AA4C64 /* TableViewController.swift in Sources */ = {isa = PBXBuildFile; fileRef = ACC452FE1CCE16E700AA4C64 /* TableViewController.swift */; };
		ACC453021CCE16E700AA4C64 /* Main.storyboard in Resources */ = {isa = PBXBuildFile; fileRef = ACC453001CCE16E700AA4C64 /* Main.storyboard */; };
		ACC453041CCE16E700AA4C64 /* Assets.xcassets in Resources */ = {isa = PBXBuildFile; fileRef = ACC453031CCE16E700AA4C64 /* Assets.xcassets */; };
		ACC453071CCE16E700AA4C64 /* LaunchScreen.storyboard in Resources */ = {isa = PBXBuildFile; fileRef = ACC453051CCE16E700AA4C64 /* LaunchScreen.storyboard */; };
		ACC453121CCE16E700AA4C64 /* ToDoListTests.swift in Sources */ = {isa = PBXBuildFile; fileRef = ACC453111CCE16E700AA4C64 /* ToDoListTests.swift */; };
		ACC4531D1CCE16E700AA4C64 /* ToDoListUITests.swift in Sources */ = {isa = PBXBuildFile; fileRef = ACC4531C1CCE16E700AA4C64 /* ToDoListUITests.swift */; };
/* End PBXBuildFile section */

/* Begin PBXContainerItemProxy section */
		AC7AE7FF1CD64CA1007DD40B /* PBXContainerItemProxy */ = {
			isa = PBXContainerItemProxy;
			containerPortal = AC7AE7F51CD64CA1007DD40B /* SQLite.xcodeproj */;
			proxyType = 2;
			remoteGlobalIDString = EE247AD31C3F04ED00AE3E12;
			remoteInfo = "SQLite iOS";
		};
		AC7AE8011CD64CA1007DD40B /* PBXContainerItemProxy */ = {
			isa = PBXContainerItemProxy;
			containerPortal = AC7AE7F51CD64CA1007DD40B /* SQLite.xcodeproj */;
			proxyType = 2;
			remoteGlobalIDString = EE247ADD1C3F04ED00AE3E12;
			remoteInfo = "SQLiteTests iOS";
		};
		AC7AE8031CD64CA1007DD40B /* PBXContainerItemProxy */ = {
			isa = PBXContainerItemProxy;
			containerPortal = AC7AE7F51CD64CA1007DD40B /* SQLite.xcodeproj */;
			proxyType = 2;
			remoteGlobalIDString = EE247B3C1C3F3ED000AE3E12;
			remoteInfo = "SQLite Mac";
		};
		AC7AE8051CD64CA1007DD40B /* PBXContainerItemProxy */ = {
			isa = PBXContainerItemProxy;
			containerPortal = AC7AE7F51CD64CA1007DD40B /* SQLite.xcodeproj */;
			proxyType = 2;
			remoteGlobalIDString = EE247B451C3F3ED000AE3E12;
			remoteInfo = "SQLiteTests Mac";
		};
		AC7AE8071CD64CA1007DD40B /* PBXContainerItemProxy */ = {
			isa = PBXContainerItemProxy;
			containerPortal = AC7AE7F51CD64CA1007DD40B /* SQLite.xcodeproj */;
			proxyType = 2;
			remoteGlobalIDString = 03A65E5A1C6BB0F50062603F;
			remoteInfo = "SQLite tvOS";
		};
		AC7AE8091CD64CA1007DD40B /* PBXContainerItemProxy */ = {
			isa = PBXContainerItemProxy;
			containerPortal = AC7AE7F51CD64CA1007DD40B /* SQLite.xcodeproj */;
			proxyType = 2;
			remoteGlobalIDString = 03A65E631C6BB0F60062603F;
			remoteInfo = "SQLiteTests tvOS";
		};
		AC7AE80B1CD64CA1007DD40B /* PBXContainerItemProxy */ = {
			isa = PBXContainerItemProxy;
			containerPortal = AC7AE7F51CD64CA1007DD40B /* SQLite.xcodeproj */;
			proxyType = 2;
			remoteGlobalIDString = A121AC451CA35C79005A31D1;
			remoteInfo = "SQLite watchOS";
		};
		ACC4530E1CCE16E700AA4C64 /* PBXContainerItemProxy */ = {
			isa = PBXContainerItemProxy;
			containerPortal = ACC452F11CCE16E700AA4C64 /* Project object */;
			proxyType = 1;
			remoteGlobalIDString = ACC452F81CCE16E700AA4C64;
			remoteInfo = ToDoList;
		};
		ACC453191CCE16E700AA4C64 /* PBXContainerItemProxy */ = {
			isa = PBXContainerItemProxy;
			containerPortal = ACC452F11CCE16E700AA4C64 /* Project object */;
			proxyType = 1;
			remoteGlobalIDString = ACC452F81CCE16E700AA4C64;
			remoteInfo = ToDoList;
		};
/* End PBXContainerItemProxy section */

/* Begin PBXFileReference section */
		AC7AE7F31CD60F9E007DD40B /* DetailViewController.swift */ = {isa = PBXFileReference; fileEncoding = 4; lastKnownFileType = sourcecode.swift; path = DetailViewController.swift; sourceTree = "<group>"; };
		AC7AE7F51CD64CA1007DD40B /* SQLite.xcodeproj */ = {isa = PBXFileReference; lastKnownFileType = "wrapper.pb-project"; name = SQLite.xcodeproj; path = "../../../../Desktop/External Swift Projects/SQLite.swift-master/SQLite.xcodeproj"; sourceTree = "<group>"; };
		ACC452F91CCE16E700AA4C64 /* ToDoList.app */ = {isa = PBXFileReference; explicitFileType = wrapper.application; includeInIndex = 0; path = ToDoList.app; sourceTree = BUILT_PRODUCTS_DIR; };
		ACC452FC1CCE16E700AA4C64 /* AppDelegate.swift */ = {isa = PBXFileReference; lastKnownFileType = sourcecode.swift; path = AppDelegate.swift; sourceTree = "<group>"; };
		ACC452FE1CCE16E700AA4C64 /* TableViewController.swift */ = {isa = PBXFileReference; lastKnownFileType = sourcecode.swift; path = TableViewController.swift; sourceTree = "<group>"; };
		ACC453011CCE16E700AA4C64 /* Base */ = {isa = PBXFileReference; lastKnownFileType = file.storyboard; name = Base; path = Base.lproj/Main.storyboard; sourceTree = "<group>"; };
		ACC453031CCE16E700AA4C64 /* Assets.xcassets */ = {isa = PBXFileReference; lastKnownFileType = folder.assetcatalog; path = Assets.xcassets; sourceTree = "<group>"; };
		ACC453061CCE16E700AA4C64 /* Base */ = {isa = PBXFileReference; lastKnownFileType = file.storyboard; name = Base; path = Base.lproj/LaunchScreen.storyboard; sourceTree = "<group>"; };
		ACC453081CCE16E700AA4C64 /* Info.plist */ = {isa = PBXFileReference; lastKnownFileType = text.plist.xml; path = Info.plist; sourceTree = "<group>"; };
		ACC4530D1CCE16E700AA4C64 /* ToDoListTests.xctest */ = {isa = PBXFileReference; explicitFileType = wrapper.cfbundle; includeInIndex = 0; path = ToDoListTests.xctest; sourceTree = BUILT_PRODUCTS_DIR; };
		ACC453111CCE16E700AA4C64 /* ToDoListTests.swift */ = {isa = PBXFileReference; lastKnownFileType = sourcecode.swift; path = ToDoListTests.swift; sourceTree = "<group>"; };
		ACC453131CCE16E700AA4C64 /* Info.plist */ = {isa = PBXFileReference; lastKnownFileType = text.plist.xml; path = Info.plist; sourceTree = "<group>"; };
		ACC453181CCE16E700AA4C64 /* ToDoListUITests.xctest */ = {isa = PBXFileReference; explicitFileType = wrapper.cfbundle; includeInIndex = 0; path = ToDoListUITests.xctest; sourceTree = BUILT_PRODUCTS_DIR; };
		ACC4531C1CCE16E700AA4C64 /* ToDoListUITests.swift */ = {isa = PBXFileReference; lastKnownFileType = sourcecode.swift; path = ToDoListUITests.swift; sourceTree = "<group>"; };
		ACC4531E1CCE16E700AA4C64 /* Info.plist */ = {isa = PBXFileReference; lastKnownFileType = text.plist.xml; path = Info.plist; sourceTree = "<group>"; };
/* End PBXFileReference section */

/* Begin PBXFrameworksBuildPhase section */
		ACC452F61CCE16E700AA4C64 /* Frameworks */ = {
			isa = PBXFrameworksBuildPhase;
			buildActionMask = 2147483647;
			files = (
				AC7AE80D1CD64E1A007DD40B /* SQLite.framework in Frameworks */,
			);
			runOnlyForDeploymentPostprocessing = 0;
		};
		ACC4530A1CCE16E700AA4C64 /* Frameworks */ = {
			isa = PBXFrameworksBuildPhase;
			buildActionMask = 2147483647;
			files = (
			);
			runOnlyForDeploymentPostprocessing = 0;
		};
		ACC453151CCE16E700AA4C64 /* Frameworks */ = {
			isa = PBXFrameworksBuildPhase;
			buildActionMask = 2147483647;
			files = (
			);
			runOnlyForDeploymentPostprocessing = 0;
		};
/* End PBXFrameworksBuildPhase section */

/* Begin PBXGroup section */
		AC7AE7F61CD64CA1007DD40B /* Products */ = {
			isa = PBXGroup;
			children = (
				AC7AE8001CD64CA1007DD40B /* SQLite.framework */,
				AC7AE8021CD64CA1007DD40B /* SQLiteTests iOS.xctest */,
				AC7AE8041CD64CA1007DD40B /* SQLite.framework */,
				AC7AE8061CD64CA1007DD40B /* SQLiteTests Mac.xctest */,
				AC7AE8081CD64CA1007DD40B /* SQLite.framework */,
				AC7AE80A1CD64CA1007DD40B /* SQLiteTests tvOS.xctest */,
				AC7AE80C1CD64CA1007DD40B /* SQLite.framework */,
			);
			name = Products;
			sourceTree = "<group>";
		};
		ACC452F01CCE16E700AA4C64 = {
			isa = PBXGroup;
			children = (
				ACC452FB1CCE16E700AA4C64 /* ToDoList */,
				ACC453101CCE16E700AA4C64 /* ToDoListTests */,
				ACC4531B1CCE16E700AA4C64 /* ToDoListUITests */,
				ACC452FA1CCE16E700AA4C64 /* Products */,
			);
			sourceTree = "<group>";
		};
		ACC452FA1CCE16E700AA4C64 /* Products */ = {
			isa = PBXGroup;
			children = (
				ACC452F91CCE16E700AA4C64 /* ToDoList.app */,
				ACC4530D1CCE16E700AA4C64 /* ToDoListTests.xctest */,
				ACC453181CCE16E700AA4C64 /* ToDoListUITests.xctest */,
			);
			name = Products;
			sourceTree = "<group>";
		};
		ACC452FB1CCE16E700AA4C64 /* ToDoList */ = {
			isa = PBXGroup;
			children = (
				AC7AE7F51CD64CA1007DD40B /* SQLite.xcodeproj */,
				ACC452FC1CCE16E700AA4C64 /* AppDelegate.swift */,
				ACC452FE1CCE16E700AA4C64 /* TableViewController.swift */,
				AC7AE7F31CD60F9E007DD40B /* DetailViewController.swift */,
				ACC453001CCE16E700AA4C64 /* Main.storyboard */,
				ACC453031CCE16E700AA4C64 /* Assets.xcassets */,
				ACC453051CCE16E700AA4C64 /* LaunchScreen.storyboard */,
				ACC453081CCE16E700AA4C64 /* Info.plist */,
			);
			path = ToDoList;
			sourceTree = "<group>";
		};
		ACC453101CCE16E700AA4C64 /* ToDoListTests */ = {
			isa = PBXGroup;
			children = (
				ACC453111CCE16E700AA4C64 /* ToDoListTests.swift */,
				ACC453131CCE16E700AA4C64 /* Info.plist */,
			);
			path = ToDoListTests;
			sourceTree = "<group>";
		};
		ACC4531B1CCE16E700AA4C64 /* ToDoListUITests */ = {
			isa = PBXGroup;
			children = (
				ACC4531C1CCE16E700AA4C64 /* ToDoListUITests.swift */,
				ACC4531E1CCE16E700AA4C64 /* Info.plist */,
			);
			path = ToDoListUITests;
			sourceTree = "<group>";
		};
/* End PBXGroup section */

/* Begin PBXNativeTarget section */
		ACC452F81CCE16E700AA4C64 /* ToDoList */ = {
			isa = PBXNativeTarget;
			buildConfigurationList = ACC453211CCE16E700AA4C64 /* Build configuration list for PBXNativeTarget "ToDoList" */;
			buildPhases = (
				ACC452F51CCE16E700AA4C64 /* Sources */,
				ACC452F61CCE16E700AA4C64 /* Frameworks */,
				ACC452F71CCE16E700AA4C64 /* Resources */,
			);
			buildRules = (
			);
			dependencies = (
			);
			name = ToDoList;
			productName = ToDoList;
			productReference = ACC452F91CCE16E700AA4C64 /* ToDoList.app */;
			productType = "com.apple.product-type.application";
		};
		ACC4530C1CCE16E700AA4C64 /* ToDoListTests */ = {
			isa = PBXNativeTarget;
			buildConfigurationList = ACC453241CCE16E700AA4C64 /* Build configuration list for PBXNativeTarget "ToDoListTests" */;
			buildPhases = (
				ACC453091CCE16E700AA4C64 /* Sources */,
				ACC4530A1CCE16E700AA4C64 /* Frameworks */,
				ACC4530B1CCE16E700AA4C64 /* Resources */,
			);
			buildRules = (
			);
			dependencies = (
				ACC4530F1CCE16E700AA4C64 /* PBXTargetDependency */,
			);
			name = ToDoListTests;
			productName = ToDoListTests;
			productReference = ACC4530D1CCE16E700AA4C64 /* ToDoListTests.xctest */;
			productType = "com.apple.product-type.bundle.unit-test";
		};
		ACC453171CCE16E700AA4C64 /* ToDoListUITests */ = {
			isa = PBXNativeTarget;
			buildConfigurationList = ACC453271CCE16E700AA4C64 /* Build configuration list for PBXNativeTarget "ToDoListUITests" */;
			buildPhases = (
				ACC453141CCE16E700AA4C64 /* Sources */,
				ACC453151CCE16E700AA4C64 /* Frameworks */,
				ACC453161CCE16E700AA4C64 /* Resources */,
			);
			buildRules = (
			);
			dependencies = (
				ACC4531A1CCE16E700AA4C64 /* PBXTargetDependency */,
			);
			name = ToDoListUITests;
			productName = ToDoListUITests;
			productReference = ACC453181CCE16E700AA4C64 /* ToDoListUITests.xctest */;
			productType = "com.apple.product-type.bundle.ui-testing";
		};
/* End PBXNativeTarget section */

/* Begin PBXProject section */
		ACC452F11CCE16E700AA4C64 /* Project object */ = {
			isa = PBXProject;
			attributes = {
				LastSwiftUpdateCheck = 0730;
				LastUpgradeCheck = 0730;
				ORGANIZATIONNAME = "Jidde Koekoek";
				TargetAttributes = {
					ACC452F81CCE16E700AA4C64 = {
						CreatedOnToolsVersion = 7.3;
						DevelopmentTeam = 36D5YEL755;
					};
					ACC4530C1CCE16E700AA4C64 = {
						CreatedOnToolsVersion = 7.3;
						DevelopmentTeam = 36D5YEL755;
						TestTargetID = ACC452F81CCE16E700AA4C64;
					};
					ACC453171CCE16E700AA4C64 = {
						CreatedOnToolsVersion = 7.3;
						DevelopmentTeam = 36D5YEL755;
						TestTargetID = ACC452F81CCE16E700AA4C64;
					};
				};
			};
			buildConfigurationList = ACC452F41CCE16E700AA4C64 /* Build configuration list for PBXProject "ToDoList" */;
			compatibilityVersion = "Xcode 3.2";
			developmentRegion = English;
			hasScannedForEncodings = 0;
			knownRegions = (
				en,
				Base,
			);
			mainGroup = ACC452F01CCE16E700AA4C64;
			productRefGroup = ACC452FA1CCE16E700AA4C64 /* Products */;
			projectDirPath = "";
			projectReferences = (
				{
					ProductGroup = AC7AE7F61CD64CA1007DD40B /* Products */;
					ProjectRef = AC7AE7F51CD64CA1007DD40B /* SQLite.xcodeproj */;
				},
			);
			projectRoot = "";
			targets = (
				ACC452F81CCE16E700AA4C64 /* ToDoList */,
				ACC4530C1CCE16E700AA4C64 /* ToDoListTests */,
				ACC453171CCE16E700AA4C64 /* ToDoListUITests */,
			);
		};
/* End PBXProject section */

/* Begin PBXReferenceProxy section */
		AC7AE8001CD64CA1007DD40B /* SQLite.framework */ = {
			isa = PBXReferenceProxy;
			fileType = wrapper.framework;
			path = SQLite.framework;
			remoteRef = AC7AE7FF1CD64CA1007DD40B /* PBXContainerItemProxy */;
			sourceTree = BUILT_PRODUCTS_DIR;
		};
		AC7AE8021CD64CA1007DD40B /* SQLiteTests iOS.xctest */ = {
			isa = PBXReferenceProxy;
			fileType = wrapper.cfbundle;
			path = "SQLiteTests iOS.xctest";
			remoteRef = AC7AE8011CD64CA1007DD40B /* PBXContainerItemProxy */;
			sourceTree = BUILT_PRODUCTS_DIR;
		};
		AC7AE8041CD64CA1007DD40B /* SQLite.framework */ = {
			isa = PBXReferenceProxy;
			fileType = wrapper.framework;
			path = SQLite.framework;
			remoteRef = AC7AE8031CD64CA1007DD40B /* PBXContainerItemProxy */;
			sourceTree = BUILT_PRODUCTS_DIR;
		};
		AC7AE8061CD64CA1007DD40B /* SQLiteTests Mac.xctest */ = {
			isa = PBXReferenceProxy;
			fileType = wrapper.cfbundle;
			path = "SQLiteTests Mac.xctest";
			remoteRef = AC7AE8051CD64CA1007DD40B /* PBXContainerItemProxy */;
			sourceTree = BUILT_PRODUCTS_DIR;
		};
		AC7AE8081CD64CA1007DD40B /* SQLite.framework */ = {
			isa = PBXReferenceProxy;
			fileType = wrapper.framework;
			path = SQLite.framework;
			remoteRef = AC7AE8071CD64CA1007DD40B /* PBXContainerItemProxy */;
			sourceTree = BUILT_PRODUCTS_DIR;
		};
		AC7AE80A1CD64CA1007DD40B /* SQLiteTests tvOS.xctest */ = {
			isa = PBXReferenceProxy;
			fileType = wrapper.cfbundle;
			path = "SQLiteTests tvOS.xctest";
			remoteRef = AC7AE8091CD64CA1007DD40B /* PBXContainerItemProxy */;
			sourceTree = BUILT_PRODUCTS_DIR;
		};
		AC7AE80C1CD64CA1007DD40B /* SQLite.framework */ = {
			isa = PBXReferenceProxy;
			fileType = wrapper.framework;
			path = SQLite.framework;
			remoteRef = AC7AE80B1CD64CA1007DD40B /* PBXContainerItemProxy */;
			sourceTree = BUILT_PRODUCTS_DIR;
		};
/* End PBXReferenceProxy section */

/* Begin PBXResourcesBuildPhase section */
		ACC452F71CCE16E700AA4C64 /* Resources */ = {
			isa = PBXResourcesBuildPhase;
			buildActionMask = 2147483647;
			files = (
				ACC453071CCE16E700AA4C64 /* LaunchScreen.storyboard in Resources */,
				ACC453041CCE16E700AA4C64 /* Assets.xcassets in Resources */,
				ACC453021CCE16E700AA4C64 /* Main.storyboard in Resources */,
			);
			runOnlyForDeploymentPostprocessing = 0;
		};
		ACC4530B1CCE16E700AA4C64 /* Resources */ = {
			isa = PBXResourcesBuildPhase;
			buildActionMask = 2147483647;
			files = (
			);
			runOnlyForDeploymentPostprocessing = 0;
		};
		ACC453161CCE16E700AA4C64 /* Resources */ = {
			isa = PBXResourcesBuildPhase;
			buildActionMask = 2147483647;
			files = (
			);
			runOnlyForDeploymentPostprocessing = 0;
		};
/* End PBXResourcesBuildPhase section */

/* Begin PBXSourcesBuildPhase section */
		ACC452F51CCE16E700AA4C64 /* Sources */ = {
			isa = PBXSourcesBuildPhase;
			buildActionMask = 2147483647;
			files = (
				AC7AE7F41CD60F9E007DD40B /* DetailViewController.swift in Sources */,
				ACC452FF1CCE16E700AA4C64 /* TableViewController.swift in Sources */,
				ACC452FD1CCE16E700AA4C64 /* AppDelegate.swift in Sources */,
			);
			runOnlyForDeploymentPostprocessing = 0;
		};
		ACC453091CCE16E700AA4C64 /* Sources */ = {
			isa = PBXSourcesBuildPhase;
			buildActionMask = 2147483647;
			files = (
				ACC453121CCE16E700AA4C64 /* ToDoListTests.swift in Sources */,
			);
			runOnlyForDeploymentPostprocessing = 0;
		};
		ACC453141CCE16E700AA4C64 /* Sources */ = {
			isa = PBXSourcesBuildPhase;
			buildActionMask = 2147483647;
			files = (
				ACC4531D1CCE16E700AA4C64 /* ToDoListUITests.swift in Sources */,
			);
			runOnlyForDeploymentPostprocessing = 0;
		};
/* End PBXSourcesBuildPhase section */

/* Begin PBXTargetDependency section */
		ACC4530F1CCE16E700AA4C64 /* PBXTargetDependency */ = {
			isa = PBXTargetDependency;
			target = ACC452F81CCE16E700AA4C64 /* ToDoList */;
			targetProxy = ACC4530E1CCE16E700AA4C64 /* PBXContainerItemProxy */;
		};
		ACC4531A1CCE16E700AA4C64 /* PBXTargetDependency */ = {
			isa = PBXTargetDependency;
			target = ACC452F81CCE16E700AA4C64 /* ToDoList */;
			targetProxy = ACC453191CCE16E700AA4C64 /* PBXContainerItemProxy */;
		};
/* End PBXTargetDependency section */

/* Begin PBXVariantGroup section */
		ACC453001CCE16E700AA4C64 /* Main.storyboard */ = {
			isa = PBXVariantGroup;
			children = (
				ACC453011CCE16E700AA4C64 /* Base */,
			);
			name = Main.storyboard;
			sourceTree = "<group>";
		};
		ACC453051CCE16E700AA4C64 /* LaunchScreen.storyboard */ = {
			isa = PBXVariantGroup;
			children = (
				ACC453061CCE16E700AA4C64 /* Base */,
			);
			name = LaunchScreen.storyboard;
			sourceTree = "<group>";
		};
/* End PBXVariantGroup section */

/* Begin XCBuildConfiguration section */
		ACC4531F1CCE16E700AA4C64 /* Debug */ = {
			isa = XCBuildConfiguration;
			buildSettings = {
				ALWAYS_SEARCH_USER_PATHS = NO;
				CLANG_ANALYZER_NONNULL = YES;
				CLANG_CXX_LANGUAGE_STANDARD = "gnu++0x";
				CLANG_CXX_LIBRARY = "libc++";
				CLANG_ENABLE_MODULES = YES;
				CLANG_ENABLE_OBJC_ARC = YES;
				CLANG_WARN_BOOL_CONVERSION = YES;
				CLANG_WARN_CONSTANT_CONVERSION = YES;
				CLANG_WARN_DIRECT_OBJC_ISA_USAGE = YES_ERROR;
				CLANG_WARN_EMPTY_BODY = YES;
				CLANG_WARN_ENUM_CONVERSION = YES;
				CLANG_WARN_INT_CONVERSION = YES;
				CLANG_WARN_OBJC_ROOT_CLASS = YES_ERROR;
				CLANG_WARN_UNREACHABLE_CODE = YES;
				CLANG_WARN__DUPLICATE_METHOD_MATCH = YES;
				"CODE_SIGN_IDENTITY[sdk=iphoneos*]" = "iPhone Developer";
				COPY_PHASE_STRIP = NO;
				DEBUG_INFORMATION_FORMAT = dwarf;
				ENABLE_STRICT_OBJC_MSGSEND = YES;
				ENABLE_TESTABILITY = YES;
				GCC_C_LANGUAGE_STANDARD = gnu99;
				GCC_DYNAMIC_NO_PIC = NO;
				GCC_NO_COMMON_BLOCKS = YES;
				GCC_OPTIMIZATION_LEVEL = 0;
				GCC_PREPROCESSOR_DEFINITIONS = (
					"DEBUG=1",
					"$(inherited)",
				);
				GCC_WARN_64_TO_32_BIT_CONVERSION = YES;
				GCC_WARN_ABOUT_RETURN_TYPE = YES_ERROR;
				GCC_WARN_UNDECLARED_SELECTOR = YES;
				GCC_WARN_UNINITIALIZED_AUTOS = YES_AGGRESSIVE;
				GCC_WARN_UNUSED_FUNCTION = YES;
				GCC_WARN_UNUSED_VARIABLE = YES;
				IPHONEOS_DEPLOYMENT_TARGET = 9.3;
				MTL_ENABLE_DEBUG_INFO = YES;
				ONLY_ACTIVE_ARCH = YES;
				SDKROOT = iphoneos;
				SWIFT_OPTIMIZATION_LEVEL = "-Onone";
				TARGETED_DEVICE_FAMILY = "1,2";
			};
			name = Debug;
		};
		ACC453201CCE16E700AA4C64 /* Release */ = {
			isa = XCBuildConfiguration;
			buildSettings = {
				ALWAYS_SEARCH_USER_PATHS = NO;
				CLANG_ANALYZER_NONNULL = YES;
				CLANG_CXX_LANGUAGE_STANDARD = "gnu++0x";
				CLANG_CXX_LIBRARY = "libc++";
				CLANG_ENABLE_MODULES = YES;
				CLANG_ENABLE_OBJC_ARC = YES;
				CLANG_WARN_BOOL_CONVERSION = YES;
				CLANG_WARN_CONSTANT_CONVERSION = YES;
				CLANG_WARN_DIRECT_OBJC_ISA_USAGE = YES_ERROR;
				CLANG_WARN_EMPTY_BODY = YES;
				CLANG_WARN_ENUM_CONVERSION = YES;
				CLANG_WARN_INT_CONVERSION = YES;
				CLANG_WARN_OBJC_ROOT_CLASS = YES_ERROR;
				CLANG_WARN_UNREACHABLE_CODE = YES;
				CLANG_WARN__DUPLICATE_METHOD_MATCH = YES;
				"CODE_SIGN_IDENTITY[sdk=iphoneos*]" = "iPhone Developer";
				COPY_PHASE_STRIP = NO;
				DEBUG_INFORMATION_FORMAT = "dwarf-with-dsym";
				ENABLE_NS_ASSERTIONS = NO;
				ENABLE_STRICT_OBJC_MSGSEND = YES;
				GCC_C_LANGUAGE_STANDARD = gnu99;
				GCC_NO_COMMON_BLOCKS = YES;
				GCC_WARN_64_TO_32_BIT_CONVERSION = YES;
				GCC_WARN_ABOUT_RETURN_TYPE = YES_ERROR;
				GCC_WARN_UNDECLARED_SELECTOR = YES;
				GCC_WARN_UNINITIALIZED_AUTOS = YES_AGGRESSIVE;
				GCC_WARN_UNUSED_FUNCTION = YES;
				GCC_WARN_UNUSED_VARIABLE = YES;
				IPHONEOS_DEPLOYMENT_TARGET = 9.3;
				MTL_ENABLE_DEBUG_INFO = NO;
				SDKROOT = iphoneos;
				TARGETED_DEVICE_FAMILY = "1,2";
				VALIDATE_PRODUCT = YES;
			};
			name = Release;
		};
		ACC453221CCE16E700AA4C64 /* Debug */ = {
			isa = XCBuildConfiguration;
			buildSettings = {
				ASSETCATALOG_COMPILER_APPICON_NAME = AppIcon;
				INFOPLIST_FILE = ToDoList/Info.plist;
				LD_RUNPATH_SEARCH_PATHS = "$(inherited) @executable_path/Frameworks";
				PRODUCT_BUNDLE_IDENTIFIER = nl.mprog.ToDoList;
				PRODUCT_NAME = "$(TARGET_NAME)";
			};
			name = Debug;
		};
		ACC453231CCE16E700AA4C64 /* Release */ = {
			isa = XCBuildConfiguration;
			buildSettings = {
				ASSETCATALOG_COMPILER_APPICON_NAME = AppIcon;
				INFOPLIST_FILE = ToDoList/Info.plist;
				LD_RUNPATH_SEARCH_PATHS = "$(inherited) @executable_path/Frameworks";
				PRODUCT_BUNDLE_IDENTIFIER = nl.mprog.ToDoList;
				PRODUCT_NAME = "$(TARGET_NAME)";
			};
			name = Release;
		};
		ACC453251CCE16E700AA4C64 /* Debug */ = {
			isa = XCBuildConfiguration;
			buildSettings = {
				BUNDLE_LOADER = "$(TEST_HOST)";
				INFOPLIST_FILE = ToDoListTests/Info.plist;
				LD_RUNPATH_SEARCH_PATHS = "$(inherited) @executable_path/Frameworks @loader_path/Frameworks";
				PRODUCT_BUNDLE_IDENTIFIER = nl.mprog.ToDoListTests;
				PRODUCT_NAME = "$(TARGET_NAME)";
				TEST_HOST = "$(BUILT_PRODUCTS_DIR)/ToDoList.app/ToDoList";
			};
			name = Debug;
		};
		ACC453261CCE16E700AA4C64 /* Release */ = {
			isa = XCBuildConfiguration;
			buildSettings = {
				BUNDLE_LOADER = "$(TEST_HOST)";
				INFOPLIST_FILE = ToDoListTests/Info.plist;
				LD_RUNPATH_SEARCH_PATHS = "$(inherited) @executable_path/Frameworks @loader_path/Frameworks";
				PRODUCT_BUNDLE_IDENTIFIER = nl.mprog.ToDoListTests;
				PRODUCT_NAME = "$(TARGET_NAME)";
				TEST_HOST = "$(BUILT_PRODUCTS_DIR)/ToDoList.app/ToDoList";
			};
			name = Release;
		};
		ACC453281CCE16E700AA4C64 /* Debug */ = {
			isa = XCBuildConfiguration;
			buildSettings = {
				INFOPLIST_FILE = ToDoListUITests/Info.plist;
				LD_RUNPATH_SEARCH_PATHS = "$(inherited) @executable_path/Frameworks @loader_path/Frameworks";
				PRODUCT_BUNDLE_IDENTIFIER = nl.mprog.ToDoListUITests;
				PRODUCT_NAME = "$(TARGET_NAME)";
				TEST_TARGET_NAME = ToDoList;
			};
			name = Debug;
		};
		ACC453291CCE16E700AA4C64 /* Release */ = {
			isa = XCBuildConfiguration;
			buildSettings = {
				INFOPLIST_FILE = ToDoListUITests/Info.plist;
				LD_RUNPATH_SEARCH_PATHS = "$(inherited) @executable_path/Frameworks @loader_path/Frameworks";
				PRODUCT_BUNDLE_IDENTIFIER = nl.mprog.ToDoListUITests;
				PRODUCT_NAME = "$(TARGET_NAME)";
				TEST_TARGET_NAME = ToDoList;
			};
			name = Release;
		};
/* End XCBuildConfiguration section */

/* Begin XCConfigurationList section */
		ACC452F41CCE16E700AA4C64 /* Build configuration list for PBXProject "ToDoList" */ = {
			isa = XCConfigurationList;
			buildConfigurations = (
				ACC4531F1CCE16E700AA4C64 /* Debug */,
				ACC453201CCE16E700AA4C64 /* Release */,
			);
			defaultConfigurationIsVisible = 0;
			defaultConfigurationName = Release;
		};
		ACC453211CCE16E700AA4C64 /* Build configuration list for PBXNativeTarget "ToDoList" */ = {
			isa = XCConfigurationList;
			buildConfigurations = (
				ACC453221CCE16E700AA4C64 /* Debug */,
				ACC453231CCE16E700AA4C64 /* Release */,
			);
			defaultConfigurationIsVisible = 0;
			defaultConfigurationName = Release;
		};
		ACC453241CCE16E700AA4C64 /* Build configuration list for PBXNativeTarget "ToDoListTests" */ = {
			isa = XCConfigurationList;
			buildConfigurations = (
				ACC453251CCE16E700AA4C64 /* Debug */,
				ACC453261CCE16E700AA4C64 /* Release */,
			);
			defaultConfigurationIsVisible = 0;
			defaultConfigurationName = Release;
		};
		ACC453271CCE16E700AA4C64 /* Build configuration list for PBXNativeTarget "ToDoListUITests" */ = {
			isa = XCConfigurationList;
			buildConfigurations = (
				ACC453281CCE16E700AA4C64 /* Debug */,
				ACC453291CCE16E700AA4C64 /* Release */,
			);
			defaultConfigurationIsVisible = 0;
			defaultConfigurationName = Release;
		};
/* End XCConfigurationList section */
	};
	rootObject = ACC452F11CCE16E700AA4C64 /* Project object */;
}
